
Microsoft Visual Studio Solution File, Format Version 12.00
Project("{FAE04EC0-301F-11D3-BF4B-00C04F79EFBC}") = "kol2", "kol2\kol2.csproj", "{26FB25A5-6220-4662-A7FC-F894D7CC32BC}"
EndProject
Global
	GlobalSection(SolutionConfigurationPlatforms) = preSolution
		Debug|Any CPU = Debug|Any CPU
		Release|Any CPU = Release|Any CPU
	EndGlobalSection
	GlobalSection(ProjectConfigurationPlatforms) = postSolution
		{26FB25A5-6220-4662-A7FC-F894D7CC32BC}.Debug|Any CPU.ActiveCfg = Debug|Any CPU
		{26FB25A5-6220-4662-A7FC-F894D7CC32BC}.Debug|Any CPU.Build.0 = Debug|Any CPU
		{26FB25A5-6220-4662-A7FC-F894D7CC32BC}.Release|Any CPU.ActiveCfg = Release|Any CPU
		{26FB25A5-6220-4662-A7FC-F894D7CC32BC}.Release|Any CPU.Build.0 = Release|Any CPU
	EndGlobalSection
EndGlobal
